<Solution>
  <Folder Name="/MicroBase/" />
  <Folder Name="/MicroBase/A.Domain/">
    <Project Path="../../../../../source/repos/Citas_Medicas/src/Domain/Domain.csproj" Id="51d09182-7c9b-43eb-ad82-411a03f2c9ba" />
  </Folder>
  <Folder Name="/MicroBase/B.Core/">
    <Project Path="../../../../../source/repos/Citas_Medicas/src/Core/Core.csproj" Id="cfe2a39f-6796-42a2-8efa-4d0b93930939" />
  </Folder>
  <Folder Name="/MicroBase/C.Persistence/">
    <Project Path="../../../../../source/repos/Citas_Medicas/src/Perisistence/Perisistence.csproj" Id="7ec008b2-2c3b-46d4-85f5-b7d82c12ad42" />
  </Folder>
  <Folder Name="/MicroBase/D.Infrastructura/">
    <Project Path="../../../../../source/repos/Citas_Medicas/src/Infrastructura/Infrastructura.csproj" Id="3a31db5d-5f58-479a-abe8-34b754c3c7ce" />
  </Folder>
  <Folder Name="/MicroBase/E.API/">
    <Project Path="../../../../../source/repos/Citas_Medicas/src/API/API.csproj" Id="b8884d26-c06e-4000-9e01-f9e1c1880f57" />
  </Folder>
  <Folder Name="/MicroPacientesAgendas/" />
  <Folder Name="/MicroPacientesAgendas/A.Domian/">
    <Project Path="Domain/Domain.csproj" />
  </Folder>
  <Folder Name="/MicroPacientesAgendas/B.Core/">
    <Project Path="Core/Core.csproj" />
  </Folder>
  <Folder Name="/MicroPacientesAgendas/C.Persistence/">
    <Project Path="Persistence/Persistence.csproj" />
  </Folder>
  <Folder Name="/MicroPacientesAgendas/D.Infraestructura/">
    <Project Path="Infraesteuctura/Infraesteuctura.csproj" />
  </Folder>
  <Folder Name="/MicroPacientesAgendas/E.API/">
    <Project Path="API/API.csproj" />
  </Folder>
</Solution>
